{
  "name": "aion-platform",
  "version": "0.2.0",
  "lockfileVersion": 3,
  "requires": true,
  "packages": {
    "": {
      "name": "aion-platform",
      "version": "0.2.0",
      "license": "UNLICENSED",
      "workspaces": [
        "packages/*"
      ],
      "devDependencies": {
        "@types/node": "^22.0.0",
        "typescript": "^5.9.2"
      },
      "engines": {
        "node": ">=22"
      }
    },
    "node_modules/@aion/application-preparation": {
      "resolved": "packages/application-preparation",
      "link": true
    },
    "node_modules/@aion/career-evidence": {
      "resolved": "packages/career-evidence",
      "link": true
    },
    "node_modules/@aion/career-input": {
      "resolved": "packages/career-input",
      "link": true
    },
    "node_modules/@aion/delegated-operator": {
      "resolved": "packages/delegated-operator",
      "link": true
    },
    "node_modules/@aion/identity": {
      "resolved": "packages/identity",
      "link": true
    },
    "node_modules/@aion/job-matching": {
      "resolved": "packages/job-matching",
      "link": true
    },
    "node_modules/@aion/job-posting": {
      "resolved": "packages/job-posting",
      "link": true
    },
    "node_modules/@aion/kernel": {
      "resolved": "packages/kernel",
      "link": true
    },
    "node_modules/@aion/local-assistant": {
      "resolved": "packages/local-assistant",
      "link": true
    },
    "node_modules/@aion/object": {
      "resolved": "packages/object",
      "link": true
    },
    "node_modules/@aion/privacy-boundary": {
      "resolved": "packages/privacy-boundary",
      "link": true
    },
    "node_modules/@types/node": {
      "version": "22.20.1",
      "resolved": "https://registry.npmjs.org/@types/node/-/node-22.20.1.tgz",
      "integrity": "sha512-EANqOCF9QFyra+4pfxUcX9STKJpCLjMbObVzljIJomAWSnuSIEAvyzEU53GaajbXJEgdh0iEcPL+DGvpUd4k1Q==",
      "dev": true,
      "license": "MIT",
      "dependencies": {
        "undici-types": "~6.21.0"
      }
    },
    "node_modules/typescript": {
      "version": "5.9.3",
      "resolved": "https://registry.npmjs.org/typescript/-/typescript-5.9.3.tgz",
      "integrity": "sha512-jl1vZzPDinLr9eUt3J/t7V6FgNEw9QjvBPdysz9KfQDD41fQrC2Y4vKQdiaUpFT4bXlb1RHhLpp8wtm6M5TgSw==",
      "dev": true,
      "license": "Apache-2.0",
      "bin": {
        "tsc": "bin/tsc",
        "tsserver": "bin/tsserver"
      },
      "engines": {
        "node": ">=14.17"
      }
    },
    "node_modules/undici-types": {
      "version": "6.21.0",
      "resolved": "https://registry.npmjs.org/undici-types/-/undici-types-6.21.0.tgz",
      "integrity": "sha512-iwDZqg0QAGrg9Rav5H4n0M64c3mkR59cJ6wQp+7C4nI0gsmExaedaYLNO44eT4AtBBwjbTiGPMlt2Md0T9H9JQ==",
      "dev": true,
      "license": "MIT"
    },
    "packages/application-preparation": {
      "name": "@aion/application-preparation",
      "version": "0.1.0",
      "license": "UNLICENSED",
      "dependencies": {
        "@aion/career-evidence": "0.1.0",
        "@aion/identity": "0.1.0",
        "@aion/job-matching": "0.1.0",
        "@aion/object": "0.1.0"
      },
      "engines": {
        "node": ">=22"
      }
    },
    "packages/career-evidence": {
      "name": "@aion/career-evidence",
      "version": "0.1.0",
      "license": "UNLICENSED",
      "dependencies": {
        "@aion/career-input": "0.1.0",
        "@aion/identity": "0.1.0",
        "@aion/object": "0.1.0",
        "@aion/privacy-boundary": "0.1.0"
      },
      "engines": {
        "node": ">=22"
      }
    },
    "packages/career-input": {
      "name": "@aion/career-input",
      "version": "0.1.0",
      "license": "UNLICENSED",
      "dependencies": {
        "@aion/object": "0.1.0",
        "@aion/privacy-boundary": "0.1.0"
      },
      "engines": {
        "node": ">=22"
      }
    },
    "packages/delegated-operator": {
      "name": "@aion/delegated-operator",
      "version": "0.1.0",
      "license": "UNLICENSED",
      "engines": {
        "node": ">=22"
      }
    },
    "packages/identity": {
      "name": "@aion/identity",
      "version": "0.1.0",
      "license": "UNLICENSED",
      "engines": {
        "node": ">=22"
      }
    },
    "packages/job-matching": {
      "name": "@aion/job-matching",
      "version": "0.1.0",
      "license": "UNLICENSED",
      "dependencies": {
        "@aion/career-evidence": "0.1.0",
        "@aion/identity": "0.1.0",
        "@aion/job-posting": "0.1.0",
        "@aion/object": "0.1.0"
      },
      "engines": {
        "node": ">=22"
      }
    },
    "packages/job-posting": {
      "name": "@aion/job-posting",
      "version": "0.1.0",
      "license": "UNLICENSED",
      "dependencies": {
        "@aion/career-evidence": "0.1.0",
        "@aion/career-input": "0.1.0",
        "@aion/identity": "0.1.0",
        "@aion/object": "0.1.0",
        "@aion/privacy-boundary": "0.1.0"
      },
      "engines": {
        "node": ">=22"
      }
    },
    "packages/kernel": {
      "name": "@aion/kernel",
      "version": "0.1.0",
      "license": "UNLICENSED",
      "engines": {
        "node": ">=22"
      }
    },
    "packages/local-assistant": {
      "name": "@aion/local-assistant",
      "version": "0.1.0",
      "license": "UNLICENSED",
      "engines": {
        "node": ">=22"
      }
    },
    "packages/object": {
      "name": "@aion/object",
      "version": "0.1.0",
      "license": "UNLICENSED",
      "dependencies": {
        "@aion/identity": "0.1.0",
        "@aion/privacy-boundary": "0.1.0"
      },
      "engines": {
        "node": ">=22"
      }
    },
    "packages/privacy-boundary": {
      "name": "@aion/privacy-boundary",
      "version": "0.1.0",
      "license": "UNLICENSED",
      "engines": {
        "node": ">=22"
      }
    }
  }
}
